{
    "requires": true,
    "lockfileVersion": 1,
    "dependencies": {
        "as-wasi": {
            "version": "0.2.0",
            "resolved": "https://registry.npmjs.org/as-wasi/-/as-wasi-0.2.0.tgz",
            "integrity": "sha512-dQ9b0YXZx8B7t0BhGNKRbugZkyQY6dca3rOFQcoN/grlOYnPUygtYCdOKU2iLLtbCan+dgt9Ww1zgDxeRs9U/g=="
        },
        "assemblyscript": {
            "version": "0.16.1",
            "resolved": "https://registry.npmjs.org/assemblyscript/-/assemblyscript-0.16.1.tgz",
            "integrity": "sha512-btb/Q2cs42O7NaVRLDpUIb4fF+o4H4id0kjOOOzS25KCOx0voiyGBeWYqfnrOeufMQacvDNqGkjJuGkdTJIrQQ==",
            "requires": {
                "binaryen": "97.0.0-nightly.20201008",
                "long": "^4.0.0"
            }
        },
        "binaryen": {
            "version": "97.0.0-nightly.20201008",
            "resolved": "https://registry.npmjs.org/binaryen/-/binaryen-97.0.0-nightly.20201008.tgz",
            "integrity": "sha512-GWV30FOQqz+vBIZRbc7GSasLNhh8BNLKH+2u2j5BjqM0WOEqqaP5iSj0mq72We2aVYqpBajJPI/CORY6o2RBxA=="
        },
        "long": {
            "version": "4.0.0",
            "resolved": "https://registry.npmjs.org/long/-/long-4.0.0.tgz",
            "integrity": "sha512-XsP+KhQif4bjX1kbuSiySJFNAehNxgLb6hPRGJ9QsUr8ajHkuXGdrHmFUTUUXhDwVX2R5bY4JNZEwbUiMhV+MA=="
        }
    }
}
