{
  "name": "as",
  "lockfileVersion": 2,
  "requires": true,
  "packages": {
    "": {
      "dependencies": {
        "as-wasi": "0.4.4",
        "assemblyscript": "^0.18.12"
      }
    },
    "node_modules/as-wasi": {
      "version": "0.4.4",
      "resolved": "https://registry.npmjs.org/as-wasi/-/as-wasi-0.4.4.tgz",
      "integrity": "sha512-CNeZ3AjKSjrFXRNDRzX1VzxsWz3Fwksn4g0J7tZv5RKz4agKhVlcl0QeMIOOkJms7DujCBCpbelGxNDtvlFKmw=="
    },
    "node_modules/assemblyscript": {
      "version": "0.18.15",
      "resolved": "https://registry.npmjs.org/assemblyscript/-/assemblyscript-0.18.15.tgz",
      "integrity": "sha512-s1N1qwdBhen2SLQApYCtRIPWm1Am3oAbW58GCEKbeN6ZbQRh7nq0pv4RDqKw6CgK7dySn/F2S1D6p0scyRbQRw==",
      "dependencies": {
        "binaryen": "100.0.0",
        "long": "^4.0.0"
      },
      "bin": {
        "asc": "bin/asc",
        "asinit": "bin/asinit"
      },
      "funding": {
        "type": "opencollective",
        "url": "https://opencollective.com/assemblyscript"
      }
    },
    "node_modules/binaryen": {
      "version": "100.0.0",
      "resolved": "https://registry.npmjs.org/binaryen/-/binaryen-100.0.0.tgz",
      "integrity": "sha512-nxOt8d8/VXAuSVEtAWUdKrqpqCy365QqD223EzzB1GzS5himiZAfM/R5lXx+M/5q8TB8cYp3tYxv5rTjNTJveQ==",
      "bin": {
        "wasm-opt": "bin/wasm-opt"
      }
    },
    "node_modules/long": {
      "version": "4.0.0",
      "resolved": "https://registry.npmjs.org/long/-/long-4.0.0.tgz",
      "integrity": "sha512-XsP+KhQif4bjX1kbuSiySJFNAehNxgLb6hPRGJ9QsUr8ajHkuXGdrHmFUTUUXhDwVX2R5bY4JNZEwbUiMhV+MA=="
    }
  },
  "dependencies": {
    "as-wasi": {
      "version": "0.4.4",
      "resolved": "https://registry.npmjs.org/as-wasi/-/as-wasi-0.4.4.tgz",
      "integrity": "sha512-CNeZ3AjKSjrFXRNDRzX1VzxsWz3Fwksn4g0J7tZv5RKz4agKhVlcl0QeMIOOkJms7DujCBCpbelGxNDtvlFKmw=="
    },
    "assemblyscript": {
      "version": "0.18.15",
      "resolved": "https://registry.npmjs.org/assemblyscript/-/assemblyscript-0.18.15.tgz",
      "integrity": "sha512-s1N1qwdBhen2SLQApYCtRIPWm1Am3oAbW58GCEKbeN6ZbQRh7nq0pv4RDqKw6CgK7dySn/F2S1D6p0scyRbQRw==",
      "requires": {
        "binaryen": "100.0.0",
        "long": "^4.0.0"
      }
    },
    "binaryen": {
      "version": "100.0.0",
      "resolved": "https://registry.npmjs.org/binaryen/-/binaryen-100.0.0.tgz",
      "integrity": "sha512-nxOt8d8/VXAuSVEtAWUdKrqpqCy365QqD223EzzB1GzS5himiZAfM/R5lXx+M/5q8TB8cYp3tYxv5rTjNTJveQ=="
    },
    "long": {
      "version": "4.0.0",
      "resolved": "https://registry.npmjs.org/long/-/long-4.0.0.tgz",
      "integrity": "sha512-XsP+KhQif4bjX1kbuSiySJFNAehNxgLb6hPRGJ9QsUr8ajHkuXGdrHmFUTUUXhDwVX2R5bY4JNZEwbUiMhV+MA=="
    }
  }
}
